
Microsoft Visual Studio Solution File, Format Version 12.00
# Visual Studio 15
VisualStudioVersion = 15.0.27428.2043
MinimumVisualStudioVersion = 10.0.40219.1
Project("{FAE04EC0-301F-11D3-BF4B-00C04F79EFBC}") = "SalesOrderEcpProvider", "SalesOrderEcpProvider\SalesOrderEcpProvider.csproj", "{3998102E-5969-4F43-990E-92B32EC0C0A9}"
EndProject
Project("{E53339B2-1760-4266-BCC7-CA923CBCF16C}") = "docker-compose", "docker-compose.dcproj", "{15E4C4A5-0191-4957-86A8-5A08E224B990}"
EndProject
Global
	GlobalSection(SolutionConfigurationPlatforms) = preSolution
		Debug|Any CPU = Debug|Any CPU
		Release|Any CPU = Release|Any CPU
	EndGlobalSection
	GlobalSection(ProjectConfigurationPlatforms) = postSolution
		{3998102E-5969-4F43-990E-92B32EC0C0A9}.Debug|Any CPU.ActiveCfg = Debug|Any CPU
		{3998102E-5969-4F43-990E-92B32EC0C0A9}.Debug|Any CPU.Build.0 = Debug|Any CPU
		{3998102E-5969-4F43-990E-92B32EC0C0A9}.Release|Any CPU.ActiveCfg = Release|Any CPU
		{3998102E-5969-4F43-990E-92B32EC0C0A9}.Release|Any CPU.Build.0 = Release|Any CPU
		{15E4C4A5-0191-4957-86A8-5A08E224B990}.Debug|Any CPU.ActiveCfg = Debug|Any CPU
		{15E4C4A5-0191-4957-86A8-5A08E224B990}.Debug|Any CPU.Build.0 = Debug|Any CPU
		{15E4C4A5-0191-4957-86A8-5A08E224B990}.Release|Any CPU.ActiveCfg = Release|Any CPU
		{15E4C4A5-0191-4957-86A8-5A08E224B990}.Release|Any CPU.Build.0 = Release|Any CPU
	EndGlobalSection
	GlobalSection(SolutionProperties) = preSolution
		HideSolutionNode = FALSE
	EndGlobalSection
	GlobalSection(ExtensibilityGlobals) = postSolution
		SolutionGuid = {A4DE63C3-D94D-4481-838A-5F46D5C62099}
	EndGlobalSection
EndGlobal
